
Microsoft Visual Studio Solution File, Format Version 12.00
# Visual Studio Version 17
VisualStudioVersion = 17.9.34714.143
MinimumVisualStudioVersion = 10.0.40219.1
Project("{9A19103F-16F7-4668-BE54-9A1E7A4F7556}") = "ABLAB.Sogo.PoC", "ABLAB.Sogo.PoC\ABLAB.Sogo.PoC\ABLAB.Sogo.PoC.csproj", "{C58A856E-7727-4EE4-8A08-3542A6443F68}"
EndProject
Project("{9A19103F-16F7-4668-BE54-9A1E7A4F7556}") = "ABLAB.Sogo.PoC.Client", "ABLAB.Sogo.PoC\ABLAB.Sogo.PoC.Client\ABLAB.Sogo.PoC.Client.csproj", "{6C93083F-0F45-483C-91BE-DFDA92E86D1C}"
EndProject
Project("{9A19103F-16F7-4668-BE54-9A1E7A4F7556}") = "ABLAB.Sogo.PoC.Shared", "ABLAB.Sogo.PoC.Shared\ABLAB.Sogo.PoC.Shared.csproj", "{B1749C7E-817A-44E1-891F-CA6F1C739EAE}"
EndProject
Global
	GlobalSection(SolutionConfigurationPlatforms) = preSolution
		Debug|Any CPU = Debug|Any CPU
		Release|Any CPU = Release|Any CPU
	EndGlobalSection
	GlobalSection(ProjectConfigurationPlatforms) = postSolution
		{C58A856E-7727-4EE4-8A08-3542A6443F68}.Debug|Any CPU.ActiveCfg = Debug|Any CPU
		{C58A856E-7727-4EE4-8A08-3542A6443F68}.Debug|Any CPU.Build.0 = Debug|Any CPU
		{C58A856E-7727-4EE4-8A08-3542A6443F68}.Release|Any CPU.ActiveCfg = Release|Any CPU
		{C58A856E-7727-4EE4-8A08-3542A6443F68}.Release|Any CPU.Build.0 = Release|Any CPU
		{6C93083F-0F45-483C-91BE-DFDA92E86D1C}.Debug|Any CPU.ActiveCfg = Debug|Any CPU
		{6C93083F-0F45-483C-91BE-DFDA92E86D1C}.Debug|Any CPU.Build.0 = Debug|Any CPU
		{6C93083F-0F45-483C-91BE-DFDA92E86D1C}.Release|Any CPU.ActiveCfg = Release|Any CPU
		{6C93083F-0F45-483C-91BE-DFDA92E86D1C}.Release|Any CPU.Build.0 = Release|Any CPU
		{B1749C7E-817A-44E1-891F-CA6F1C739EAE}.Debug|Any CPU.ActiveCfg = Debug|Any CPU
		{B1749C7E-817A-44E1-891F-CA6F1C739EAE}.Debug|Any CPU.Build.0 = Debug|Any CPU
		{B1749C7E-817A-44E1-891F-CA6F1C739EAE}.Release|Any CPU.ActiveCfg = Release|Any CPU
		{B1749C7E-817A-44E1-891F-CA6F1C739EAE}.Release|Any CPU.Build.0 = Release|Any CPU
	EndGlobalSection
	GlobalSection(SolutionProperties) = preSolution
		HideSolutionNode = FALSE
	EndGlobalSection
	GlobalSection(ExtensibilityGlobals) = postSolution
		SolutionGuid = {76DC27F6-080F-491D-8201-15BAE436F23D}
	EndGlobalSection
EndGlobal
